
Microsoft Visual Studio Solution File, Format Version 12.00
# Visual Studio Version 17
VisualStudioVersion = 17.6.33829.357
MinimumVisualStudioVersion = 10.0.40219.1
Project("{9A19103F-16F7-4668-BE54-9A1E7A4F7556}") = "SenderQueue", "SenderQueue\SenderQueue.csproj", "{D5641DD5-EA6F-448E-B7DA-EC3CF9E71A10}"
EndProject
Project("{FAE04EC0-301F-11D3-BF4B-00C04F79EFBC}") = "ReceiverQueue", "ReceiverQueue\ReceiverQueue.csproj", "{97B11DE9-9080-4549-A19F-8F924D738D2C}"
EndProject
Global
	GlobalSection(SolutionConfigurationPlatforms) = preSolution
		Debug|Any CPU = Debug|Any CPU
		Release|Any CPU = Release|Any CPU
	EndGlobalSection
	GlobalSection(ProjectConfigurationPlatforms) = postSolution
		{D5641DD5-EA6F-448E-B7DA-EC3CF9E71A10}.Debug|Any CPU.ActiveCfg = Debug|Any CPU
		{D5641DD5-EA6F-448E-B7DA-EC3CF9E71A10}.Debug|Any CPU.Build.0 = Debug|Any CPU
		{D5641DD5-EA6F-448E-B7DA-EC3CF9E71A10}.Release|Any CPU.ActiveCfg = Release|Any CPU
		{D5641DD5-EA6F-448E-B7DA-EC3CF9E71A10}.Release|Any CPU.Build.0 = Release|Any CPU
		{97B11DE9-9080-4549-A19F-8F924D738D2C}.Debug|Any CPU.ActiveCfg = Debug|Any CPU
		{97B11DE9-9080-4549-A19F-8F924D738D2C}.Debug|Any CPU.Build.0 = Debug|Any CPU
		{97B11DE9-9080-4549-A19F-8F924D738D2C}.Release|Any CPU.ActiveCfg = Release|Any CPU
		{97B11DE9-9080-4549-A19F-8F924D738D2C}.Release|Any CPU.Build.0 = Release|Any CPU
	EndGlobalSection
	GlobalSection(SolutionProperties) = preSolution
		HideSolutionNode = FALSE
	EndGlobalSection
	GlobalSection(ExtensibilityGlobals) = postSolution
		SolutionGuid = {7D829DD5-0AB0-48C1-99DE-9D42DA784BD1}
	EndGlobalSection
EndGlobal
